// !$*UTF8*$!
{
	archiveVersion = 1;
	classes = {
	};
	objectVersion = 46;
	objects = {

/* Begin PBXBuildFile section */
		C32235B71E6D50CF00B3F0BB /* AppDelegate.swift in Sources */ = {isa = PBXBuildFile; fileRef = C32235B61E6D50CF00B3F0BB /* AppDelegate.swift */; };
		C32235B91E6D50CF00B3F0BB /* GameScene.sks in Resources */ = {isa = PBXBuildFile; fileRef = C32235B81E6D50CF00B3F0BB /* GameScene.sks */; };
		C32235BB1E6D50CF00B3F0BB /* Actions.sks in Resources */ = {isa = PBXBuildFile; fileRef = C32235BA1E6D50CF00B3F0BB /* Actions.sks */; };
		C32235BD1E6D50CF00B3F0BB /* GameScene.swift in Sources */ = {isa = PBXBuildFile; fileRef = C32235BC1E6D50CF00B3F0BB /* GameScene.swift */; };
		C32235BF1E6D50CF00B3F0BB /* GameViewController.swift in Sources */ = {isa = PBXBuildFile; fileRef = C32235BE1E6D50CF00B3F0BB /* GameViewController.swift */; };
		C32235C21E6D50CF00B3F0BB /* Main.storyboard in Resources */ = {isa = PBXBuildFile; fileRef = C32235C01E6D50CF00B3F0BB /* Main.storyboard */; };
		C32235C41E6D50CF00B3F0BB /* Assets.xcassets in Resources */ = {isa = PBXBuildFile; fileRef = C32235C31E6D50CF00B3F0BB /* Assets.xcassets */; };
		C32235C71E6D50CF00B3F0BB /* LaunchScreen.storyboard in Resources */ = {isa = PBXBuildFile; fileRef = C32235C51E6D50CF00B3F0BB /* LaunchScreen.storyboard */; };
		C32235CF1E6E3BD100B3F0BB /* GameOverScene.swift in Sources */ = {isa = PBXBuildFile; fileRef = C32235CE1E6E3BD100B3F0BB /* GameOverScene.swift */; };
		C32235D11E6E5CCD00B3F0BB /* laser.sks in Resources */ = {isa = PBXBuildFile; fileRef = C32235D01E6E5CCD00B3F0BB /* laser.sks */; };
		C32235D31E6E61BB00B3F0BB /* Explosion.sks in Resources */ = {isa = PBXBuildFile; fileRef = C32235D21E6E61BB00B3F0BB /* Explosion.sks */; };
		C32235DE1E6E635700B3F0BB /* music.m4a in Resources */ = {isa = PBXBuildFile; fileRef = C32235D41E6E635700B3F0BB /* music.m4a */; };
		C32235DF1E6E635700B3F0BB /* explosion.wav in Resources */ = {isa = PBXBuildFile; fileRef = C32235D51E6E635700B3F0BB /* explosion.wav */; };
		C32235E01E6E635700B3F0BB /* laser.wav in Resources */ = {isa = PBXBuildFile; fileRef = C32235D61E6E635700B3F0BB /* laser.wav */; };
		C32235E11E6E635700B3F0BB /* particle.png in Resources */ = {isa = PBXBuildFile; fileRef = C32235D71E6E635700B3F0BB /* particle.png */; };
		C32235E21E6E635700B3F0BB /* item0.png in Resources */ = {isa = PBXBuildFile; fileRef = C32235D81E6E635700B3F0BB /* item0.png */; };
		C32235E31E6E635700B3F0BB /* enemy_frame1.png in Resources */ = {isa = PBXBuildFile; fileRef = C32235D91E6E635700B3F0BB /* enemy_frame1.png */; };
		C32235E41E6E635700B3F0BB /* player_frame1.png in Resources */ = {isa = PBXBuildFile; fileRef = C32235DA1E6E635700B3F0BB /* player_frame1.png */; };
		C32235E51E6E635700B3F0BB /* player_frame2.png in Resources */ = {isa = PBXBuildFile; fileRef = C32235DB1E6E635700B3F0BB /* player_frame2.png */; };
		C32235E61E6E635700B3F0BB /* player_frame3.png in Resources */ = {isa = PBXBuildFile; fileRef = C32235DC1E6E635700B3F0BB /* player_frame3.png */; };
		C32235E71E6E635700B3F0BB /* player_frame4.png in Resources */ = {isa = PBXBuildFile; fileRef = C32235DD1E6E635700B3F0BB /* player_frame4.png */; };
		C398E5851E70DCF10037BA3C /* plane8.png in Resources */ = {isa = PBXBuildFile; fileRef = C398E5841E70DCF10037BA3C /* plane8.png */; };
		C398E58E1E70DEE60037BA3C /* backgrd1.jpg in Resources */ = {isa = PBXBuildFile; fileRef = C398E5861E70DEE60037BA3C /* backgrd1.jpg */; };
		C398E58F1E70DEE60037BA3C /* enemyShip2.png in Resources */ = {isa = PBXBuildFile; fileRef = C398E5871E70DEE60037BA3C /* enemyShip2.png */; };
		C398E5901E70DEE60037BA3C /* enemyShip1.png in Resources */ = {isa = PBXBuildFile; fileRef = C398E5881E70DEE60037BA3C /* enemyShip1.png */; };
		C398E5911E70DEE60037BA3C /* plane2.png in Resources */ = {isa = PBXBuildFile; fileRef = C398E5891E70DEE60037BA3C /* plane2.png */; };
		C398E5921E70DEE60037BA3C /* plane3.png in Resources */ = {isa = PBXBuildFile; fileRef = C398E58A1E70DEE60037BA3C /* plane3.png */; };
		C398E5931E70DEE60037BA3C /* plane4.png in Resources */ = {isa = PBXBuildFile; fileRef = C398E58B1E70DEE60037BA3C /* plane4.png */; };
		C398E5941E70DEE60037BA3C /* plane5.png in Resources */ = {isa = PBXBuildFile; fileRef = C398E58C1E70DEE60037BA3C /* plane5.png */; };
		C398E5951E70DEE60037BA3C /* plane6.png in Resources */ = {isa = PBXBuildFile; fileRef = C398E58D1E70DEE60037BA3C /* plane6.png */; };
		C398E59D1E70E0630037BA3C /* GameStartScene.swift in Sources */ = {isa = PBXBuildFile; fileRef = C398E59C1E70E0630037BA3C /* GameStartScene.swift */; };
		C398E59F1E70FE070037BA3C /* missile1.png in Resources */ = {isa = PBXBuildFile; fileRef = C398E59E1E70FE070037BA3C /* missile1.png */; };
/* End PBXBuildFile section */

/* Begin PBXFileReference section */
		C32235B31E6D50CF00B3F0BB /* SideScroller.app */ = {isa = PBXFileReference; explicitFileType = wrapper.application; includeInIndex = 0; path = SideScroller.app; sourceTree = BUILT_PRODUCTS_DIR; };
		C32235B61E6D50CF00B3F0BB /* AppDelegate.swift */ = {isa = PBXFileReference; lastKnownFileType = sourcecode.swift; path = AppDelegate.swift; sourceTree = "<group>"; };
		C32235B81E6D50CF00B3F0BB /* GameScene.sks */ = {isa = PBXFileReference; lastKnownFileType = file.sks; path = GameScene.sks; sourceTree = "<group>"; };
		C32235BA1E6D50CF00B3F0BB /* Actions.sks */ = {isa = PBXFileReference; lastKnownFileType = file.sks; path = Actions.sks; sourceTree = "<group>"; };
		C32235BC1E6D50CF00B3F0BB /* GameScene.swift */ = {isa = PBXFileReference; lastKnownFileType = sourcecode.swift; path = GameScene.swift; sourceTree = "<group>"; };
		C32235BE1E6D50CF00B3F0BB /* GameViewController.swift */ = {isa = PBXFileReference; lastKnownFileType = sourcecode.swift; path = GameViewController.swift; sourceTree = "<group>"; };
		C32235C11E6D50CF00B3F0BB /* Base */ = {isa = PBXFileReference; lastKnownFileType = file.storyboard; name = Base; path = Base.lproj/Main.storyboard; sourceTree = "<group>"; };
		C32235C31E6D50CF00B3F0BB /* Assets.xcassets */ = {isa = PBXFileReference; lastKnownFileType = folder.assetcatalog; path = Assets.xcassets; sourceTree = "<group>"; };
		C32235C61E6D50CF00B3F0BB /* Base */ = {isa = PBXFileReference; lastKnownFileType = file.storyboard; name = Base; path = Base.lproj/LaunchScreen.storyboard; sourceTree = "<group>"; };
		C32235C81E6D50CF00B3F0BB /* Info.plist */ = {isa = PBXFileReference; lastKnownFileType = text.plist.xml; path = Info.plist; sourceTree = "<group>"; };
		C32235CE1E6E3BD100B3F0BB /* GameOverScene.swift */ = {isa = PBXFileReference; fileEncoding = 4; lastKnownFileType = sourcecode.swift; path = GameOverScene.swift; sourceTree = "<group>"; };
		C32235D01E6E5CCD00B3F0BB /* laser.sks */ = {isa = PBXFileReference; lastKnownFileType = file.sks; path = laser.sks; sourceTree = "<group>"; };
		C32235D21E6E61BB00B3F0BB /* Explosion.sks */ = {isa = PBXFileReference; lastKnownFileType = file.sks; path = Explosion.sks; sourceTree = "<group>"; };
		C32235D41E6E635700B3F0BB /* music.m4a */ = {isa = PBXFileReference; lastKnownFileType = file; path = music.m4a; sourceTree = "<group>"; };
		C32235D51E6E635700B3F0BB /* explosion.wav */ = {isa = PBXFileReference; lastKnownFileType = audio.wav; path = explosion.wav; sourceTree = "<group>"; };
		C32235D61E6E635700B3F0BB /* laser.wav */ = {isa = PBXFileReference; lastKnownFileType = audio.wav; path = laser.wav; sourceTree = "<group>"; };
		C32235D71E6E635700B3F0BB /* particle.png */ = {isa = PBXFileReference; lastKnownFileType = image.png; path = particle.png; sourceTree = "<group>"; };
		C32235D81E6E635700B3F0BB /* item0.png */ = {isa = PBXFileReference; lastKnownFileType = image.png; path = item0.png; sourceTree = "<group>"; };
		C32235D91E6E635700B3F0BB /* enemy_frame1.png */ = {isa = PBXFileReference; lastKnownFileType = image.png; path = enemy_frame1.png; sourceTree = "<group>"; };
		C32235DA1E6E635700B3F0BB /* player_frame1.png */ = {isa = PBXFileReference; lastKnownFileType = image.png; path = player_frame1.png; sourceTree = "<group>"; };
		C32235DB1E6E635700B3F0BB /* player_frame2.png */ = {isa = PBXFileReference; lastKnownFileType = image.png; path = player_frame2.png; sourceTree = "<group>"; };
		C32235DC1E6E635700B3F0BB /* player_frame3.png */ = {isa = PBXFileReference; lastKnownFileType = image.png; path = player_frame3.png; sourceTree = "<group>"; };
		C32235DD1E6E635700B3F0BB /* player_frame4.png */ = {isa = PBXFileReference; lastKnownFileType = image.png; path = player_frame4.png; sourceTree = "<group>"; };
		C398E5841E70DCF10037BA3C /* plane8.png */ = {isa = PBXFileReference; lastKnownFileType = image.png; path = plane8.png; sourceTree = "<group>"; };
		C398E5861E70DEE60037BA3C /* backgrd1.jpg */ = {isa = PBXFileReference; lastKnownFileType = image.jpeg; path = backgrd1.jpg; sourceTree = "<group>"; };
		C398E5871E70DEE60037BA3C /* enemyShip2.png */ = {isa = PBXFileReference; lastKnownFileType = image.png; path = enemyShip2.png; sourceTree = "<group>"; };
		C398E5881E70DEE60037BA3C /* enemyShip1.png */ = {isa = PBXFileReference; lastKnownFileType = image.png; path = enemyShip1.png; sourceTree = "<group>"; };
		C398E5891E70DEE60037BA3C /* plane2.png */ = {isa = PBXFileReference; lastKnownFileType = image.png; path = plane2.png; sourceTree = "<group>"; };
		C398E58A1E70DEE60037BA3C /* plane3.png */ = {isa = PBXFileReference; lastKnownFileType = image.png; path = plane3.png; sourceTree = "<group>"; };
		C398E58B1E70DEE60037BA3C /* plane4.png */ = {isa = PBXFileReference; lastKnownFileType = image.png; path = plane4.png; sourceTree = "<group>"; };
		C398E58C1E70DEE60037BA3C /* plane5.png */ = {isa = PBXFileReference; lastKnownFileType = image.png; path = plane5.png; sourceTree = "<group>"; };
		C398E58D1E70DEE60037BA3C /* plane6.png */ = {isa = PBXFileReference; lastKnownFileType = image.png; path = plane6.png; sourceTree = "<group>"; };
		C398E59C1E70E0630037BA3C /* GameStartScene.swift */ = {isa = PBXFileReference; fileEncoding = 4; lastKnownFileType = sourcecode.swift; path = GameStartScene.swift; sourceTree = "<group>"; };
		C398E59E1E70FE070037BA3C /* missile1.png */ = {isa = PBXFileReference; lastKnownFileType = image.png; path = missile1.png; sourceTree = "<group>"; };
/* End PBXFileReference section */

/* Begin PBXFrameworksBuildPhase section */
		C32235B01E6D50CF00B3F0BB /* Frameworks */ = {
			isa = PBXFrameworksBuildPhase;
			buildActionMask = 2147483647;
			files = (
			);
			runOnlyForDeploymentPostprocessing = 0;
		};
/* End PBXFrameworksBuildPhase section */

/* Begin PBXGroup section */
		C32235AA1E6D50CF00B3F0BB = {
			isa = PBXGroup;
			children = (
				C32235B51E6D50CF00B3F0BB /* SideScroller */,
				C32235B41E6D50CF00B3F0BB /* Products */,
			);
			sourceTree = "<group>";
		};
		C32235B41E6D50CF00B3F0BB /* Products */ = {
			isa = PBXGroup;
			children = (
				C32235B31E6D50CF00B3F0BB /* SideScroller.app */,
			);
			name = Products;
			sourceTree = "<group>";
		};
		C32235B51E6D50CF00B3F0BB /* SideScroller */ = {
			isa = PBXGroup;
			children = (
				C32235B61E6D50CF00B3F0BB /* AppDelegate.swift */,
				C32235B81E6D50CF00B3F0BB /* GameScene.sks */,
				C32235BA1E6D50CF00B3F0BB /* Actions.sks */,
				C32235BC1E6D50CF00B3F0BB /* GameScene.swift */,
				C32235BE1E6D50CF00B3F0BB /* GameViewController.swift */,
				C32235C01E6D50CF00B3F0BB /* Main.storyboard */,
				C32235C31E6D50CF00B3F0BB /* Assets.xcassets */,
				C398E5961E70DFA60037BA3C /* image */,
				C398E5971E70DFC20037BA3C /* sound */,
				C32235C51E6D50CF00B3F0BB /* LaunchScreen.storyboard */,
				C32235C81E6D50CF00B3F0BB /* Info.plist */,
				C32235CE1E6E3BD100B3F0BB /* GameOverScene.swift */,
				C32235D01E6E5CCD00B3F0BB /* laser.sks */,
				C32235D21E6E61BB00B3F0BB /* Explosion.sks */,
				C398E59C1E70E0630037BA3C /* GameStartScene.swift */,
			);
			path = SideScroller;
			sourceTree = "<group>";
		};
		C398E5961E70DFA60037BA3C /* image */ = {
			isa = PBXGroup;
			children = (
				C398E59E1E70FE070037BA3C /* missile1.png */,
				C398E5861E70DEE60037BA3C /* backgrd1.jpg */,
				C398E5871E70DEE60037BA3C /* enemyShip2.png */,
				C398E5881E70DEE60037BA3C /* enemyShip1.png */,
				C398E5891E70DEE60037BA3C /* plane2.png */,
				C398E58A1E70DEE60037BA3C /* plane3.png */,
				C398E58B1E70DEE60037BA3C /* plane4.png */,
				C32235D71E6E635700B3F0BB /* particle.png */,
				C32235D81E6E635700B3F0BB /* item0.png */,
				C32235D91E6E635700B3F0BB /* enemy_frame1.png */,
				C32235DA1E6E635700B3F0BB /* player_frame1.png */,
				C32235DB1E6E635700B3F0BB /* player_frame2.png */,
				C32235DC1E6E635700B3F0BB /* player_frame3.png */,
				C32235DD1E6E635700B3F0BB /* player_frame4.png */,
				C398E58C1E70DEE60037BA3C /* plane5.png */,
				C398E58D1E70DEE60037BA3C /* plane6.png */,
				C398E5841E70DCF10037BA3C /* plane8.png */,
			);
			name = image;
			sourceTree = "<group>";
		};
		C398E5971E70DFC20037BA3C /* sound */ = {
			isa = PBXGroup;
			children = (
				C32235D41E6E635700B3F0BB /* music.m4a */,
				C32235D51E6E635700B3F0BB /* explosion.wav */,
				C32235D61E6E635700B3F0BB /* laser.wav */,
			);
			name = sound;
			sourceTree = "<group>";
		};
/* End PBXGroup section */

/* Begin PBXNativeTarget section */
		C32235B21E6D50CF00B3F0BB /* SideScroller */ = {
			isa = PBXNativeTarget;
			buildConfigurationList = C32235CB1E6D50CF00B3F0BB /* Build configuration list for PBXNativeTarget "SideScroller" */;
			buildPhases = (
				C32235AF1E6D50CF00B3F0BB /* Sources */,
				C32235B01E6D50CF00B3F0BB /* Frameworks */,
				C32235B11E6D50CF00B3F0BB /* Resources */,
			);
			buildRules = (
			);
			dependencies = (
			);
			name = SideScroller;
			productName = SideScroller;
			productReference = C32235B31E6D50CF00B3F0BB /* SideScroller.app */;
			productType = "com.apple.product-type.application";
		};
/* End PBXNativeTarget section */

/* Begin PBXProject section */
		C32235AB1E6D50CF00B3F0BB /* Project object */ = {
			isa = PBXProject;
			attributes = {
				LastSwiftUpdateCheck = 0820;
				LastUpgradeCheck = 0820;
				ORGANIZATIONNAME = "Abhineet Sharma";
				TargetAttributes = {
					C32235B21E6D50CF00B3F0BB = {
						CreatedOnToolsVersion = 8.2.1;
						DevelopmentTeam = Q9C6QH986W;
						ProvisioningStyle = Automatic;
					};
				};
			};
			buildConfigurationList = C32235AE1E6D50CF00B3F0BB /* Build configuration list for PBXProject "SideScroller" */;
			compatibilityVersion = "Xcode 3.2";
			developmentRegion = English;
			hasScannedForEncodings = 0;
			knownRegions = (
				en,
				Base,
			);
			mainGroup = C32235AA1E6D50CF00B3F0BB;
			productRefGroup = C32235B41E6D50CF00B3F0BB /* Products */;
			projectDirPath = "";
			projectRoot = "";
			targets = (
				C32235B21E6D50CF00B3F0BB /* SideScroller */,
			);
		};
/* End PBXProject section */

/* Begin PBXResourcesBuildPhase section */
		C32235B11E6D50CF00B3F0BB /* Resources */ = {
			isa = PBXResourcesBuildPhase;
			buildActionMask = 2147483647;
			files = (
				C398E58F1E70DEE60037BA3C /* enemyShip2.png in Resources */,
				C32235E41E6E635700B3F0BB /* player_frame1.png in Resources */,
				C398E59F1E70FE070037BA3C /* missile1.png in Resources */,
				C32235E01E6E635700B3F0BB /* laser.wav in Resources */,
				C32235DF1E6E635700B3F0BB /* explosion.wav in Resources */,
				C32235C21E6D50CF00B3F0BB /* Main.storyboard in Resources */,
				C32235E31E6E635700B3F0BB /* enemy_frame1.png in Resources */,
				C32235B91E6D50CF00B3F0BB /* GameScene.sks in Resources */,
				C32235DE1E6E635700B3F0BB /* music.m4a in Resources */,
				C398E58E1E70DEE60037BA3C /* backgrd1.jpg in Resources */,
				C398E5921E70DEE60037BA3C /* plane3.png in Resources */,
				C398E5901E70DEE60037BA3C /* enemyShip1.png in Resources */,
				C398E5851E70DCF10037BA3C /* plane8.png in Resources */,
				C398E5941E70DEE60037BA3C /* plane5.png in Resources */,
				C32235C41E6D50CF00B3F0BB /* Assets.xcassets in Resources */,
				C32235C71E6D50CF00B3F0BB /* LaunchScreen.storyboard in Resources */,
				C32235BB1E6D50CF00B3F0BB /* Actions.sks in Resources */,
				C32235E51E6E635700B3F0BB /* player_frame2.png in Resources */,
				C32235D31E6E61BB00B3F0BB /* Explosion.sks in Resources */,
				C398E5951E70DEE60037BA3C /* plane6.png in Resources */,
				C32235E11E6E635700B3F0BB /* particle.png in Resources */,
				C32235D11E6E5CCD00B3F0BB /* laser.sks in Resources */,
				C32235E61E6E635700B3F0BB /* player_frame3.png in Resources */,
				C398E5911E70DEE60037BA3C /* plane2.png in Resources */,
				C398E5931E70DEE60037BA3C /* plane4.png in Resources */,
				C32235E21E6E635700B3F0BB /* item0.png in Resources */,
				C32235E71E6E635700B3F0BB /* player_frame4.png in Resources */,
			);
			runOnlyForDeploymentPostprocessing = 0;
		};
/* End PBXResourcesBuildPhase section */

/* Begin PBXSourcesBuildPhase section */
		C32235AF1E6D50CF00B3F0BB /* Sources */ = {
			isa = PBXSourcesBuildPhase;
			buildActionMask = 2147483647;
			files = (
				C398E59D1E70E0630037BA3C /* GameStartScene.swift in Sources */,
				C32235BD1E6D50CF00B3F0BB /* GameScene.swift in Sources */,
				C32235BF1E6D50CF00B3F0BB /* GameViewController.swift in Sources */,
				C32235CF1E6E3BD100B3F0BB /* GameOverScene.swift in Sources */,
				C32235B71E6D50CF00B3F0BB /* AppDelegate.swift in Sources */,
			);
			runOnlyForDeploymentPostprocessing = 0;
		};
/* End PBXSourcesBuildPhase section */

/* Begin PBXVariantGroup section */
		C32235C01E6D50CF00B3F0BB /* Main.storyboard */ = {
			isa = PBXVariantGroup;
			children = (
				C32235C11E6D50CF00B3F0BB /* Base */,
			);
			name = Main.storyboard;
			sourceTree = "<group>";
		};
		C32235C51E6D50CF00B3F0BB /* LaunchScreen.storyboard */ = {
			isa = PBXVariantGroup;
			children = (
				C32235C61E6D50CF00B3F0BB /* Base */,
			);
			name = LaunchScreen.storyboard;
			sourceTree = "<group>";
		};
/* End PBXVariantGroup section */

/* Begin XCBuildConfiguration section */
		C32235C91E6D50CF00B3F0BB /* Debug */ = {
			isa = XCBuildConfiguration;
			buildSettings = {
				ALWAYS_SEARCH_USER_PATHS = NO;
				CLANG_ANALYZER_NONNULL = YES;
				CLANG_CXX_LANGUAGE_STANDARD = "gnu++0x";
				CLANG_CXX_LIBRARY = "libc++";
				CLANG_ENABLE_MODULES = YES;
				CLANG_ENABLE_OBJC_ARC = YES;
				CLANG_WARN_BOOL_CONVERSION = YES;
				CLANG_WARN_CONSTANT_CONVERSION = YES;
				CLANG_WARN_DIRECT_OBJC_ISA_USAGE = YES_ERROR;
				CLANG_WARN_DOCUMENTATION_COMMENTS = YES;
				CLANG_WARN_EMPTY_BODY = YES;
				CLANG_WARN_ENUM_CONVERSION = YES;
				CLANG_WARN_INFINITE_RECURSION = YES;
				CLANG_WARN_INT_CONVERSION = YES;
				CLANG_WARN_OBJC_ROOT_CLASS = YES_ERROR;
				CLANG_WARN_SUSPICIOUS_MOVE = YES;
				CLANG_WARN_UNREACHABLE_CODE = YES;
				CLANG_WARN__DUPLICATE_METHOD_MATCH = YES;
				"CODE_SIGN_IDENTITY[sdk=iphoneos*]" = "iPhone Developer";
				COPY_PHASE_STRIP = NO;
				DEBUG_INFORMATION_FORMAT = dwarf;
				ENABLE_STRICT_OBJC_MSGSEND = YES;
				ENABLE_TESTABILITY = YES;
				GCC_C_LANGUAGE_STANDARD = gnu99;
				GCC_DYNAMIC_NO_PIC = NO;
				GCC_NO_COMMON_BLOCKS = YES;
				GCC_OPTIMIZATION_LEVEL = 0;
				GCC_PREPROCESSOR_DEFINITIONS = (
					"DEBUG=1",
					"$(inherited)",
				);
				GCC_WARN_64_TO_32_BIT_CONVERSION = YES;
				GCC_WARN_ABOUT_RETURN_TYPE = YES_ERROR;
				GCC_WARN_UNDECLARED_SELECTOR = YES;
				GCC_WARN_UNINITIALIZED_AUTOS = YES_AGGRESSIVE;
				GCC_WARN_UNUSED_FUNCTION = YES;
				GCC_WARN_UNUSED_VARIABLE = YES;
				IPHONEOS_DEPLOYMENT_TARGET = 10.2;
				MTL_ENABLE_DEBUG_INFO = YES;
				ONLY_ACTIVE_ARCH = YES;
				SDKROOT = iphoneos;
				SWIFT_ACTIVE_COMPILATION_CONDITIONS = DEBUG;
				SWIFT_OPTIMIZATION_LEVEL = "-Onone";
			};
			name = Debug;
		};
		C32235CA1E6D50CF00B3F0BB /* Release */ = {
			isa = XCBuildConfiguration;
			buildSettings = {
				ALWAYS_SEARCH_USER_PATHS = NO;
				CLANG_ANALYZER_NONNULL = YES;
				CLANG_CXX_LANGUAGE_STANDARD = "gnu++0x";
				CLANG_CXX_LIBRARY = "libc++";
				CLANG_ENABLE_MODULES = YES;
				CLANG_ENABLE_OBJC_ARC = YES;
				CLANG_WARN_BOOL_CONVERSION = YES;
				CLANG_WARN_CONSTANT_CONVERSION = YES;
				CLANG_WARN_DIRECT_OBJC_ISA_USAGE = YES_ERROR;
				CLANG_WARN_DOCUMENTATION_COMMENTS = YES;
				CLANG_WARN_EMPTY_BODY = YES;
				CLANG_WARN_ENUM_CONVERSION = YES;
				CLANG_WARN_INFINITE_RECURSION = YES;
				CLANG_WARN_INT_CONVERSION = YES;
				CLANG_WARN_OBJC_ROOT_CLASS = YES_ERROR;
				CLANG_WARN_SUSPICIOUS_MOVE = YES;
				CLANG_WARN_UNREACHABLE_CODE = YES;
				CLANG_WARN__DUPLICATE_METHOD_MATCH = YES;
				"CODE_SIGN_IDENTITY[sdk=iphoneos*]" = "iPhone Developer";
				COPY_PHASE_STRIP = NO;
				DEBUG_INFORMATION_FORMAT = "dwarf-with-dsym";
				ENABLE_NS_ASSERTIONS = NO;
				ENABLE_STRICT_OBJC_MSGSEND = YES;
				GCC_C_LANGUAGE_STANDARD = gnu99;
				GCC_NO_COMMON_BLOCKS = YES;
				GCC_WARN_64_TO_32_BIT_CONVERSION = YES;
				GCC_WARN_ABOUT_RETURN_TYPE = YES_ERROR;
				GCC_WARN_UNDECLARED_SELECTOR = YES;
				GCC_WARN_UNINITIALIZED_AUTOS = YES_AGGRESSIVE;
				GCC_WARN_UNUSED_FUNCTION = YES;
				GCC_WARN_UNUSED_VARIABLE = YES;
				IPHONEOS_DEPLOYMENT_TARGET = 10.2;
				MTL_ENABLE_DEBUG_INFO = NO;
				SDKROOT = iphoneos;
				SWIFT_OPTIMIZATION_LEVEL = "-Owholemodule";
				VALIDATE_PRODUCT = YES;
			};
			name = Release;
		};
		C32235CC1E6D50CF00B3F0BB /* Debug */ = {
			isa = XCBuildConfiguration;
			buildSettings = {
				ASSETCATALOG_COMPILER_APPICON_NAME = AppIcon;
				DEVELOPMENT_TEAM = Q9C6QH986W;
				INFOPLIST_FILE = SideScroller/Info.plist;
				LD_RUNPATH_SEARCH_PATHS = "$(inherited) @executable_path/Frameworks";
				PRODUCT_BUNDLE_IDENTIFIER = com.abhineet.SideScroller;
				PRODUCT_NAME = "$(TARGET_NAME)";
				SWIFT_VERSION = 3.0;
			};
			name = Debug;
		};
		C32235CD1E6D50CF00B3F0BB /* Release */ = {
			isa = XCBuildConfiguration;
			buildSettings = {
				ASSETCATALOG_COMPILER_APPICON_NAME = AppIcon;
				DEVELOPMENT_TEAM = Q9C6QH986W;
				INFOPLIST_FILE = SideScroller/Info.plist;
				LD_RUNPATH_SEARCH_PATHS = "$(inherited) @executable_path/Frameworks";
				PRODUCT_BUNDLE_IDENTIFIER = com.abhineet.SideScroller;
				PRODUCT_NAME = "$(TARGET_NAME)";
				SWIFT_VERSION = 3.0;
			};
			name = Release;
		};
/* End XCBuildConfiguration section */

/* Begin XCConfigurationList section */
		C32235AE1E6D50CF00B3F0BB /* Build configuration list for PBXProject "SideScroller" */ = {
			isa = XCConfigurationList;
			buildConfigurations = (
				C32235C91E6D50CF00B3F0BB /* Debug */,
				C32235CA1E6D50CF00B3F0BB /* Release */,
			);
			defaultConfigurationIsVisible = 0;
			defaultConfigurationName = Release;
		};
		C32235CB1E6D50CF00B3F0BB /* Build configuration list for PBXNativeTarget "SideScroller" */ = {
			isa = XCConfigurationList;
			buildConfigurations = (
				C32235CC1E6D50CF00B3F0BB /* Debug */,
				C32235CD1E6D50CF00B3F0BB /* Release */,
			);
			defaultConfigurationIsVisible = 0;
			defaultConfigurationName = Release;
		};
/* End XCConfigurationList section */
	};
	rootObject = C32235AB1E6D50CF00B3F0BB /* Project object */;
}
